<?xml version="1.0" encoding="utf-8"?>
<Project ToolsVersion="4.0" xmlns="http://schemas.microsoft.com/developer/msbuild/2003">
  <ItemGroup>
    <Filter Include="Source Files">
      <UniqueIdentifier>{4FC737F1-C7A5-4376-A066-2A32D752A2FF}</UniqueIdentifier>
      <Extensions>cpp;c;cc;cxx;c++;cppm;ixx;def;odl;idl;hpj;bat;asm;asmx</Extensions>
    </Filter>
    <Filter Include="Header Files">
      <UniqueIdentifier>{93995380-89BD-4b04-88EB-625FBE52EBFB}</UniqueIdentifier>
      <Extensions>h;hh;hpp;hxx;h++;hm;inl;inc;ipp;xsd</Extensions>
    </Filter>
    <Filter Include="Resource Files">
      <UniqueIdentifier>{67DA6AB6-F800-4c08-8B7A-83BB121AAD01}</UniqueIdentifier>
      <Extensions>rc;ico;cur;bmp;dlg;rc2;rct;bin;rgs;gif;jpg;jpeg;jpe;resx;tiff;tif;png;wav;mfcribbon-ms</Extensions>
    </Filter>
    <Filter Include="Header Files\util">
      <UniqueIdentifier>{8a195432-7aa4-46b0-b8a2-d3992aa51332}</UniqueIdentifier>
    </Filter>
    <Filter Include="Header Files\shaders">
      <UniqueIdentifier>{8577dc66-f0da-4cee-add0-92a9ebca098e}</UniqueIdentifier>
    </Filter>
    <Filter Include="Source Files\gfx">
      <UniqueIdentifier>{5a139882-eed8-4315-b953-7e726dd0f8f6}</UniqueIdentifier>
    </Filter>
    <Filter Include="Source Files\scripts">
      <UniqueIdentifier>{f339c3c1-c2fe-4550-a849-3700ea88a772}</UniqueIdentifier>
    </Filter>
    <Filter Include="Source Files\util">
      <UniqueIdentifier>{96d40a1f-5078-4194-9fd1-af0f36e559b5}</UniqueIdentifier>
    </Filter>
    <Filter Include="Source Files\window">
      <UniqueIdentifier>{ede45513-c8a7-47d8-8646-619e89e89106}</UniqueIdentifier>
    </Filter>
    <Filter Include="Header Files\window">
      <UniqueIdentifier>{2bd9e699-1315-4b3d-856c-fa9b95bcc7ac}</UniqueIdentifier>
    </Filter>
    <Filter Include="Header Files\input">
      <UniqueIdentifier>{c1c0c879-1544-4ac4-8a35-a1b326765b4a}</UniqueIdentifier>
    </Filter>
    <Filter Include="Source Files\input">
      <UniqueIdentifier>{5b9a5ee3-3f5e-4314-8c88-07ab4dcf8574}</UniqueIdentifier>
    </Filter>
    <Filter Include="Header Files\gfx">
      <UniqueIdentifier>{9863f223-281d-41d6-a09a-df07d39d429f}</UniqueIdentifier>
    </Filter>
    <Filter Include="Header Files\gfx\data">
      <UniqueIdentifier>{c7832ba8-55e4-4c3e-8c6d-dae0cc194e21}</UniqueIdentifier>
    </Filter>
    <Filter Include="Resource Files\config">
      <UniqueIdentifier>{e1050c00-5a6e-4e0d-aa6e-98b69ca24330}</UniqueIdentifier>
    </Filter>
    <Filter Include="Source Files\shaders">
      <UniqueIdentifier>{e7cd3126-b182-4593-8fe1-b638b893d0bc}</UniqueIdentifier>
    </Filter>
    <Filter Include="Header Files\scripts">
      <UniqueIdentifier>{45432d96-fce2-4ce2-9c07-c91088985329}</UniqueIdentifier>
    </Filter>
  </ItemGroup>
  <ItemGroup>
    <ClInclude Include="d3dx12.h">
      <Filter>Header Files\util</Filter>
    </ClInclude>
    <ClInclude Include="Window.h">
      <Filter>Header Files\window</Filter>
    </ClInclude>
    <ClInclude Include="Application.h">
      <Filter>Header Files\window</Filter>
    </ClInclude>
    <ClInclude Include="PCWindows.h">
      <Filter>Header Files\window</Filter>
    </ClInclude>
    <ClInclude Include="Mouse.h">
      <Filter>Header Files\input</Filter>
    </ClInclude>
    <ClInclude Include="Keyboard.h">
      <Filter>Header Files\input</Filter>
    </ClInclude>
    <ClInclude Include="GraphicsOutput.h">
      <Filter>Header Files\gfx</Filter>
    </ClInclude>
    <ClInclude Include="VertexBuffer.h">
      <Filter>Header Files\gfx\data</Filter>
    </ClInclude>
    <ClInclude Include="IndexBuffer.h">
      <Filter>Header Files\gfx\data</Filter>
    </ClInclude>
    <ClInclude Include="DataStructures.h">
      <Filter>Header Files\gfx\data</Filter>
    </ClInclude>
    <ClInclude Include="ConstantBuffer.h">
      <Filter>Header Files\gfx\data</Filter>
    </ClInclude>
    <ClInclude Include="Collections.h">
      <Filter>Header Files\gfx\data</Filter>
    </ClInclude>
    <ClInclude Include="CustomGeo.h">
      <Filter>Header Files\gfx\data</Filter>
    </ClInclude>
    <ClInclude Include="Material.h">
      <Filter>Header Files\gfx\data</Filter>
    </ClInclude>
    <ClInclude Include="MaterialParser.h">
      <Filter>Header Files\gfx\data</Filter>
    </ClInclude>
    <ClInclude Include="Scene.h">
      <Filter>Header Files\gfx\data</Filter>
    </ClInclude>
    <ClInclude Include="Timer.h">
      <Filter>Header Files\util</Filter>
    </ClInclude>
    <ClInclude Include="Camera.h">
      <Filter>Header Files\gfx</Filter>
    </ClInclude>
    <ClInclude Include="Actor.h">
      <Filter>Header Files\gfx</Filter>
    </ClInclude>
    <ClInclude Include="Model.h">
      <Filter>Header Files\gfx</Filter>
    </ClInclude>
    <ClInclude Include="Object.h">
      <Filter>Header Files\gfx</Filter>
    </ClInclude>
    <ClInclude Include="PixelShader.h">
      <Filter>Header Files\shaders</Filter>
    </ClInclude>
    <ClInclude Include="VertexShader.h">
      <Filter>Header Files\shaders</Filter>
    </ClInclude>
    <ClInclude Include="PipelineStateObject.h">
      <Filter>Header Files\gfx</Filter>
    </ClInclude>
    <ClInclude Include="IndexedTriangleList.h">
      <Filter>Header Files\gfx</Filter>
    </ClInclude>
    <ClInclude Include="Inputtable.h">
      <Filter>Header Files\input</Filter>
    </ClInclude>
    <ClInclude Include="RootSignature.h">
      <Filter>Header Files\gfx</Filter>
    </ClInclude>
    <ClInclude Include="Script_Scene_CreateActors.h">
      <Filter>Header Files\scripts</Filter>
    </ClInclude>
    <ClInclude Include="Script_Actor.h">
      <Filter>Header Files\scripts</Filter>
    </ClInclude>
    <ClInclude Include="Script_Actor_RandomTransform.h">
      <Filter>Header Files\scripts</Filter>
    </ClInclude>
    <ClInclude Include="Script_Factory.h">
      <Filter>Header Files\scripts</Filter>
    </ClInclude>
    <ClInclude Include="Script_Info_Actor.h">
      <Filter>Header Files\scripts</Filter>
    </ClInclude>
    <ClInclude Include="Script_Scene.h">
      <Filter>Header Files\scripts</Filter>
    </ClInclude>
    <ClInclude Include="TransformCBuffer.h">
      <Filter>Header Files\gfx</Filter>
    </ClInclude>
    <ClInclude Include="Light.h">
      <Filter>Header Files\gfx</Filter>
    </ClInclude>
  </ItemGroup>
  <ItemGroup>
    <ClCompile Include="Window.cpp">
      <Filter>Source Files\window</Filter>
    </ClCompile>
    <ClCompile Include="WinMain.cpp">
      <Filter>Source Files\window</Filter>
    </ClCompile>
    <ClCompile Include="Application.cpp">
      <Filter>Source Files\window</Filter>
    </ClCompile>
    <ClCompile Include="Keyboard.cpp">
      <Filter>Source Files\input</Filter>
    </ClCompile>
    <ClCompile Include="Mouse.cpp">
      <Filter>Source Files\input</Filter>
    </ClCompile>
    <ClCompile Include="GraphicsOutput.cpp">
      <Filter>Source Files\gfx</Filter>
    </ClCompile>
    <ClCompile Include="Timer.cpp">
      <Filter>Source Files\util</Filter>
    </ClCompile>
    <ClCompile Include="Actor.cpp">
      <Filter>Source Files\gfx</Filter>
    </ClCompile>
    <ClCompile Include="Model.cpp">
      <Filter>Source Files\gfx</Filter>
    </ClCompile>
    <ClCompile Include="Object.cpp">
      <Filter>Source Files\gfx</Filter>
    </ClCompile>
    <ClCompile Include="PixelShader.cpp">
      <Filter>Source Files\shaders</Filter>
    </ClCompile>
    <ClCompile Include="VertexShader.cpp">
      <Filter>Source Files\shaders</Filter>
    </ClCompile>
    <ClCompile Include="TransformCBuffer.cpp">
      <Filter>Source Files\gfx</Filter>
    </ClCompile>
  </ItemGroup>
  <ItemGroup>
    <Text Include="gfx_config.txt">
      <Filter>Resource Files\config</Filter>
    </Text>
    <Text Include="scene00.txt">
      <Filter>Resource Files\config</Filter>
    </Text>
  </ItemGroup>
  <ItemGroup>
    <FxCompile Include="VertexShader.hlsl">
      <Filter>Header Files\shaders</Filter>
    </FxCompile>
    <FxCompile Include="PixelShaderPassThrough.hlsl">
      <Filter>Header Files\shaders</Filter>
    </FxCompile>
    <FxCompile Include="PixelShader.hlsl">
      <Filter>Header Files\shaders</Filter>
    </FxCompile>
  </ItemGroup>
</Project>