<?xml version="1.0" encoding="utf-8"?>
<Project ToolsVersion="4.0" xmlns="http://schemas.microsoft.com/developer/msbuild/2003">
  <ItemGroup>
    <Filter Include="Source Files">
      <UniqueIdentifier>{4FC737F1-C7A5-4376-A066-2A32D752A2FF}</UniqueIdentifier>
      <Extensions>cpp;c;cc;cxx;c++;cppm;ixx;def;odl;idl;hpj;bat;asm;asmx</Extensions>
    </Filter>
    <Filter Include="Header Files">
      <UniqueIdentifier>{93995380-89BD-4b04-88EB-625FBE52EBFB}</UniqueIdentifier>
      <Extensions>h;hh;hpp;hxx;h++;hm;inl;inc;ipp;xsd</Extensions>
    </Filter>
    <Filter Include="Resource Files">
      <UniqueIdentifier>{67DA6AB6-F800-4c08-8B7A-83BB121AAD01}</UniqueIdentifier>
      <Extensions>rc;ico;cur;bmp;dlg;rc2;rct;bin;rgs;gif;jpg;jpeg;jpe;resx;tiff;tif;png;wav;mfcribbon-ms</Extensions>
    </Filter>
    <Filter Include="Resource Files\cfg">
      <UniqueIdentifier>{476e3cf4-8691-4f0d-892f-e293f778d487}</UniqueIdentifier>
    </Filter>
    <Filter Include="Resource Files\res">
      <UniqueIdentifier>{61fe3384-7cac-4de7-8684-897f5bb62273}</UniqueIdentifier>
    </Filter>
  </ItemGroup>
  <ItemGroup>
    <ClCompile Include="WinMain.cpp">
      <Filter>Source Files</Filter>
    </ClCompile>
    <ClCompile Include="Application.cpp">
      <Filter>Source Files</Filter>
    </ClCompile>
    <ClCompile Include="inc\DirectXTex\DirectXTex\BC.cpp">
      <Filter>Source Files</Filter>
    </ClCompile>
    <ClCompile Include="inc\DirectXTex\DirectXTex\BC4BC5.cpp">
      <Filter>Source Files</Filter>
    </ClCompile>
    <ClCompile Include="inc\DirectXTex\DirectXTex\BC6HBC7.cpp">
      <Filter>Source Files</Filter>
    </ClCompile>
    <ClCompile Include="inc\DirectXTex\DirectXTex\DirectXTexCompress.cpp">
      <Filter>Source Files</Filter>
    </ClCompile>
    <ClCompile Include="inc\DirectXTex\DirectXTex\DirectXTexConvert.cpp">
      <Filter>Source Files</Filter>
    </ClCompile>
    <ClCompile Include="inc\DirectXTex\DirectXTex\DirectXTexD3D11.cpp">
      <Filter>Source Files</Filter>
    </ClCompile>
    <ClCompile Include="inc\DirectXTex\DirectXTex\DirectXTexD3D12.cpp">
      <Filter>Source Files</Filter>
    </ClCompile>
    <ClCompile Include="inc\DirectXTex\DirectXTex\DirectXTexDDS.cpp">
      <Filter>Source Files</Filter>
    </ClCompile>
    <ClCompile Include="inc\DirectXTex\DirectXTex\DirectXTexFlipRotate.cpp">
      <Filter>Source Files</Filter>
    </ClCompile>
    <ClCompile Include="inc\DirectXTex\DirectXTex\DirectXTexHDR.cpp">
      <Filter>Source Files</Filter>
    </ClCompile>
    <ClCompile Include="inc\DirectXTex\DirectXTex\DirectXTexImage.cpp">
      <Filter>Source Files</Filter>
    </ClCompile>
    <ClCompile Include="inc\DirectXTex\DirectXTex\DirectXTexMipmaps.cpp">
      <Filter>Source Files</Filter>
    </ClCompile>
    <ClCompile Include="inc\DirectXTex\DirectXTex\DirectXTexMisc.cpp">
      <Filter>Source Files</Filter>
    </ClCompile>
    <ClCompile Include="inc\DirectXTex\DirectXTex\DirectXTexNormalMaps.cpp">
      <Filter>Source Files</Filter>
    </ClCompile>
    <ClCompile Include="inc\DirectXTex\DirectXTex\DirectXTexPMAlpha.cpp">
      <Filter>Source Files</Filter>
    </ClCompile>
    <ClCompile Include="inc\DirectXTex\DirectXTex\DirectXTexResize.cpp">
      <Filter>Source Files</Filter>
    </ClCompile>
    <ClCompile Include="inc\DirectXTex\DirectXTex\DirectXTexTGA.cpp">
      <Filter>Source Files</Filter>
    </ClCompile>
    <ClCompile Include="inc\DirectXTex\DirectXTex\DirectXTexUtil.cpp">
      <Filter>Source Files</Filter>
    </ClCompile>
    <ClCompile Include="inc\DirectXTex\DirectXTex\DirectXTexWIC.cpp">
      <Filter>Source Files</Filter>
    </ClCompile>
  </ItemGroup>
  <ItemGroup>
    <ClInclude Include="PCWindows.h">
      <Filter>Header Files</Filter>
    </ClInclude>
    <ClInclude Include="Application.h">
      <Filter>Header Files</Filter>
    </ClInclude>
    <ClInclude Include="GlobalInformationDatabase.h">
      <Filter>Header Files</Filter>
    </ClInclude>
    <ClInclude Include="d3dx12.h">
      <Filter>Header Files</Filter>
    </ClInclude>
    <ClInclude Include="inc\DirectXTex\DirectXTex\BC.h">
      <Filter>Header Files</Filter>
    </ClInclude>
    <ClInclude Include="inc\DirectXTex\DirectXTex\d3dx12.h">
      <Filter>Header Files</Filter>
    </ClInclude>
    <ClInclude Include="inc\DirectXTex\DirectXTex\DDS.h">
      <Filter>Header Files</Filter>
    </ClInclude>
    <ClInclude Include="inc\DirectXTex\DirectXTex\DirectXTex.h">
      <Filter>Header Files</Filter>
    </ClInclude>
    <ClInclude Include="inc\DirectXTex\DirectXTex\DirectXTexP.h">
      <Filter>Header Files</Filter>
    </ClInclude>
    <ClInclude Include="inc\DirectXTex\DirectXTex\filters.h">
      <Filter>Header Files</Filter>
    </ClInclude>
    <ClInclude Include="inc\DirectXTex\DirectXTex\scoped.h">
      <Filter>Header Files</Filter>
    </ClInclude>
  </ItemGroup>
  <ItemGroup>
    <FxCompile Include="PixelShader.hlsl">
      <Filter>Resource Files\res</Filter>
    </FxCompile>
    <FxCompile Include="VertexShaderPassThrough.hlsl">
      <Filter>Resource Files\res</Filter>
    </FxCompile>
    <FxCompile Include="VertexShader.hlsl">
      <Filter>Resource Files\res</Filter>
    </FxCompile>
    <FxCompile Include="PixelShaderPassThrough.hlsl">
      <Filter>Resource Files\res</Filter>
    </FxCompile>
    <FxCompile Include="MipmapComputeShader.hlsl">
      <Filter>Resource Files\res</Filter>
    </FxCompile>
    <FxCompile Include="VS_IndexedWithStructuredBuffers.hlsl">
      <Filter>Resource Files\res</Filter>
    </FxCompile>
  </ItemGroup>
  <ItemGroup>
    <Text Include="benchmark.txt">
      <Filter>Resource Files\cfg</Filter>
    </Text>
    <Text Include="gfx_config.txt">
      <Filter>Resource Files\cfg</Filter>
    </Text>
    <Text Include="scene00.txt">
      <Filter>Resource Files\cfg</Filter>
    </Text>
  </ItemGroup>
  <ItemGroup>
    <None Include="inc\DirectXTex\DirectXTex\DirectXTex.inl">
      <Filter>Header Files</Filter>
    </None>
  </ItemGroup>
</Project>